
Microsoft Visual Studio Solution File, Format Version 12.00
# Visual Studio Version 17
VisualStudioVersion = 17.3.32929.385
MinimumVisualStudioVersion = 10.0.40219.1
Project("{FAE04EC0-301F-11D3-BF4B-00C04F79EFBC}") = "MyToDo", "MyToDo\MyToDo.csproj", "{6C3CC234-64B9-47D2-88C1-38417F37BB75}"
EndProject
Project("{FAE04EC0-301F-11D3-BF4B-00C04F79EFBC}") = "MyToDoAPI", "Web1\MyToDoAPI.csproj", "{BEBBC0CA-B7E5-4FF3-BF84-023F974FE786}"
EndProject
Global
	GlobalSection(SolutionConfigurationPlatforms) = preSolution
		Debug|Any CPU = Debug|Any CPU
		Release|Any CPU = Release|Any CPU
	EndGlobalSection
	GlobalSection(ProjectConfigurationPlatforms) = postSolution
		{6C3CC234-64B9-47D2-88C1-38417F37BB75}.Debug|Any CPU.ActiveCfg = Debug|Any CPU
		{6C3CC234-64B9-47D2-88C1-38417F37BB75}.Debug|Any CPU.Build.0 = Debug|Any CPU
		{6C3CC234-64B9-47D2-88C1-38417F37BB75}.Release|Any CPU.ActiveCfg = Release|Any CPU
		{6C3CC234-64B9-47D2-88C1-38417F37BB75}.Release|Any CPU.Build.0 = Release|Any CPU
		{BEBBC0CA-B7E5-4FF3-BF84-023F974FE786}.Debug|Any CPU.ActiveCfg = Debug|Any CPU
		{BEBBC0CA-B7E5-4FF3-BF84-023F974FE786}.Debug|Any CPU.Build.0 = Debug|Any CPU
		{BEBBC0CA-B7E5-4FF3-BF84-023F974FE786}.Release|Any CPU.ActiveCfg = Release|Any CPU
		{BEBBC0CA-B7E5-4FF3-BF84-023F974FE786}.Release|Any CPU.Build.0 = Release|Any CPU
	EndGlobalSection
	GlobalSection(SolutionProperties) = preSolution
		HideSolutionNode = FALSE
	EndGlobalSection
	GlobalSection(ExtensibilityGlobals) = postSolution
		SolutionGuid = {4B857888-E49B-4D20-A748-273AFBACB6F2}
	EndGlobalSection
EndGlobal
